{
  "name": "banner2d",
  "version": "0.0.1",
  "lockfileVersion": 1,
  "requires": true,
  "dependencies": {
    "planck-js": {
      "version": "0.3.0-rc.2",
      "resolved": "https://registry.npmjs.org/planck-js/-/planck-js-0.3.0-rc.2.tgz",
      "integrity": "sha512-bPpuOQl8I0LzRcDXQzP63qGaEBA4XRVANVxQiwhiViZvtax6pVZpMxOTHdEFx50l340W4P1Oz7jYGUdU6c9WfQ=="
    },
    "stage-js": {
      "version": "0.8.10",
      "resolved": "https://registry.npmjs.org/stage-js/-/stage-js-0.8.10.tgz",
      "integrity": "sha512-JInZ7JJj36g/6h0B58x5TkRgCapB9XnUPxjJMdrbKIQQzL45Nxj3D+TvUKMErREmQhxSuVFGgtuZO69FsW2PWg=="
    }
  }
}
